
Microsoft Visual Studio Solution File, Format Version 11.00
# Visual Studio 2010
Project("{FAE04EC0-301F-11D3-BF4B-00C04F79EFBC}") = "Cascadingdropdownlist", "Cascadingdropdownlist\Cascadingdropdownlist.csproj", "{469E4EE3-9CD3-4993-AA30-0A9F0DE466CD}"
EndProject
Global
	GlobalSection(SolutionConfigurationPlatforms) = preSolution
		Debug|Any CPU = Debug|Any CPU
		Release|Any CPU = Release|Any CPU
	EndGlobalSection
	GlobalSection(ProjectConfigurationPlatforms) = postSolution
		{469E4EE3-9CD3-4993-AA30-0A9F0DE466CD}.Debug|Any CPU.ActiveCfg = Debug|Any CPU
		{469E4EE3-9CD3-4993-AA30-0A9F0DE466CD}.Debug|Any CPU.Build.0 = Debug|Any CPU
		{469E4EE3-9CD3-4993-AA30-0A9F0DE466CD}.Release|Any CPU.ActiveCfg = Release|Any CPU
		{469E4EE3-9CD3-4993-AA30-0A9F0DE466CD}.Release|Any CPU.Build.0 = Release|Any CPU
	EndGlobalSection
	GlobalSection(SolutionProperties) = preSolution
		HideSolutionNode = FALSE
	EndGlobalSection
EndGlobal
